
Microsoft Visual Studio Solution File, Format Version 12.00
# Visual Studio Version 17
VisualStudioVersion = 17.14.36109.1 d17.14
MinimumVisualStudioVersion = 10.0.40219.1
Project("{FAE04EC0-301F-11D3-BF4B-00C04F79EFBC}") = "MzansiBuildss", "MzansiBuildss.csproj", "{0246A86E-54E2-45D3-ACB7-015C60B92CE6}"
EndProject
Global
	GlobalSection(SolutionConfigurationPlatforms) = preSolution
		Debug|Any CPU = Debug|Any CPU
		Release|Any CPU = Release|Any CPU
	EndGlobalSection
	GlobalSection(ProjectConfigurationPlatforms) = postSolution
		{0246A86E-54E2-45D3-ACB7-015C60B92CE6}.Debug|Any CPU.ActiveCfg = Debug|Any CPU
		{0246A86E-54E2-45D3-ACB7-015C60B92CE6}.Debug|Any CPU.Build.0 = Debug|Any CPU
		{0246A86E-54E2-45D3-ACB7-015C60B92CE6}.Release|Any CPU.ActiveCfg = Release|Any CPU
		{0246A86E-54E2-45D3-ACB7-015C60B92CE6}.Release|Any CPU.Build.0 = Release|Any CPU
	EndGlobalSection
	GlobalSection(SolutionProperties) = preSolution
		HideSolutionNode = FALSE
	EndGlobalSection
	GlobalSection(ExtensibilityGlobals) = postSolution
		SolutionGuid = {F3E6F435-9BD0-49D1-B476-72ED18B959FC}
	EndGlobalSection
EndGlobal
